// !$*UTF8*$!
{
	archiveVersion = 1;
	classes = {
	};
	objectVersion = 77;
	objects = {

/* Begin PBXContainerItemProxy section */
		848B93D62F7FF6AA00EAF596 /* PBXContainerItemProxy */ = {
			isa = PBXContainerItemProxy;
			containerPortal = 848B93B72F7FF6A800EAF596 /* Project object */;
			proxyType = 1;
			remoteGlobalIDString = 848B93BE2F7FF6A800EAF596;
			remoteInfo = Invasiones;
		};
		848B93E02F7FF6AA00EAF596 /* PBXContainerItemProxy */ = {
			isa = PBXContainerItemProxy;
			containerPortal = 848B93B72F7FF6A800EAF596 /* Project object */;
			proxyType = 1;
			remoteGlobalIDString = 848B93BE2F7FF6A800EAF596;
			remoteInfo = Invasiones;
		};
/* End PBXContainerItemProxy section */

/* Begin PBXFileReference section */
		848B93BF2F7FF6A800EAF596 /* Invasiones.app */ = {isa = PBXFileReference; explicitFileType = wrapper.application; includeInIndex = 0; path = Invasiones.app; sourceTree = BUILT_PRODUCTS_DIR; };
		848B93D52F7FF6AA00EAF596 /* InvasionesTests.xctest */ = {isa = PBXFileReference; explicitFileType = wrapper.cfbundle; includeInIndex = 0; path = InvasionesTests.xctest; sourceTree = BUILT_PRODUCTS_DIR; };
		848B93DF2F7FF6AA00EAF596 /* InvasionesUITests.xctest */ = {isa = PBXFileReference; explicitFileType = wrapper.cfbundle; includeInIndex = 0; path = InvasionesUITests.xctest; sourceTree = BUILT_PRODUCTS_DIR; };
/* End PBXFileReference section */

/* Begin PBXFileSystemSynchronizedRootGroup section */
		848B93C12F7FF6A800EAF596 /* Invasiones */ = {
			isa = PBXFileSystemSynchronizedRootGroup;
			path = Invasiones;
			sourceTree = "<group>";
		};
		848B93D82F7FF6AA00EAF596 /* InvasionesTests */ = {
			isa = PBXFileSystemSynchronizedRootGroup;
			path = InvasionesTests;
			sourceTree = "<group>";
		};
		848B93E22F7FF6AA00EAF596 /* InvasionesUITests */ = {
			isa = PBXFileSystemSynchronizedRootGroup;
			path = InvasionesUITests;
			sourceTree = "<group>";
		};
/* End PBXFileSystemSynchronizedRootGroup section */

/* Begin PBXFrameworksBuildPhase section */
		848B93BC2F7FF6A800EAF596 /* Frameworks */ = {
			isa = PBXFrameworksBuildPhase;
			buildActionMask = 2147483647;
			files = (
			);
			runOnlyForDeploymentPostprocessing = 0;
		};
		848B93D22F7FF6AA00EAF596 /* Frameworks */ = {
			isa = PBXFrameworksBuildPhase;
			buildActionMask = 2147483647;
			files = (
			);
			runOnlyForDeploymentPostprocessing = 0;
		};
		848B93DC2F7FF6AA00EAF596 /* Frameworks */ = {
			isa = PBXFrameworksBuildPhase;
			buildActionMask = 2147483647;
			files = (
			);
			runOnlyForDeploymentPostprocessing = 0;
		};
/* End PBXFrameworksBuildPhase section */

/* Begin PBXGroup section */
		848B93B62F7FF6A800EAF596 = {
			isa = PBXGroup;
			children = (
				848B93C12F7FF6A800EAF596 /* Invasiones */,
				848B93D82F7FF6AA00EAF596 /* InvasionesTests */,
				848B93E22F7FF6AA00EAF596 /* InvasionesUITests */,
				848B93C02F7FF6A800EAF596 /* Products */,
			);
			sourceTree = "<group>";
		};
		848B93C02F7FF6A800EAF596 /* Products */ = {
			isa = PBXGroup;
			children = (
				848B93BF2F7FF6A800EAF596 /* Invasiones.app */,
				848B93D52F7FF6AA00EAF596 /* InvasionesTests.xctest */,
				848B93DF2F7FF6AA00EAF596 /* InvasionesUITests.xctest */,
			);
			name = Products;
			sourceTree = "<group>";
		};
/* End PBXGroup section */

/* Begin PBXNativeTarget section */
		848B93BE2F7FF6A800EAF596 /* Invasiones */ = {
			isa = PBXNativeTarget;
			buildConfigurationList = 848B93E92F7FF6AA00EAF596 /* Build configuration list for PBXNativeTarget "Invasiones" */;
			buildPhases = (
				848B93BB2F7FF6A800EAF596 /* Sources */,
				848B93BC2F7FF6A800EAF596 /* Frameworks */,
				848B93BD2F7FF6A800EAF596 /* Resources */,
			);
			buildRules = (
			);
			dependencies = (
			);
			fileSystemSynchronizedGroups = (
				848B93C12F7FF6A800EAF596 /* Invasiones */,
			);
			name = Invasiones;
			packageProductDependencies = (
			);
			productName = Invasiones;
			productReference = 848B93BF2F7FF6A800EAF596 /* Invasiones.app */;
			productType = "com.apple.product-type.application";
		};
		848B93D42F7FF6AA00EAF596 /* InvasionesTests */ = {
			isa = PBXNativeTarget;
			buildConfigurationList = 848B93EC2F7FF6AA00EAF596 /* Build configuration list for PBXNativeTarget "InvasionesTests" */;
			buildPhases = (
				848B93D12F7FF6AA00EAF596 /* Sources */,
				848B93D22F7FF6AA00EAF596 /* Frameworks */,
				848B93D32F7FF6AA00EAF596 /* Resources */,
			);
			buildRules = (
			);
			dependencies = (
				848B93D72F7FF6AA00EAF596 /* PBXTargetDependency */,
			);
			fileSystemSynchronizedGroups = (
				848B93D82F7FF6AA00EAF596 /* InvasionesTests */,
			);
			name = InvasionesTests;
			packageProductDependencies = (
			);
			productName = InvasionesTests;
			productReference = 848B93D52F7FF6AA00EAF596 /* InvasionesTests.xctest */;
			productType = "com.apple.product-type.bundle.unit-test";
		};
		848B93DE2F7FF6AA00EAF596 /* InvasionesUITests */ = {
			isa = PBXNativeTarget;
			buildConfigurationList = 848B93EF2F7FF6AA00EAF596 /* Build configuration list for PBXNativeTarget "InvasionesUITests" */;
			buildPhases = (
				848B93DB2F7FF6AA00EAF596 /* Sources */,
				848B93DC2F7FF6AA00EAF596 /* Frameworks */,
				848B93DD2F7FF6AA00EAF596 /* Resources */,
			);
			buildRules = (
			);
			dependencies = (
				848B93E12F7FF6AA00EAF596 /* PBXTargetDependency */,
			);
			fileSystemSynchronizedGroups = (
				848B93E22F7FF6AA00EAF596 /* InvasionesUITests */,
			);
			name = InvasionesUITests;
			packageProductDependencies = (
			);
			productName = InvasionesUITests;
			productReference = 848B93DF2F7FF6AA00EAF596 /* InvasionesUITests.xctest */;
			productType = "com.apple.product-type.bundle.ui-testing";
		};
/* End PBXNativeTarget section */

/* Begin PBXProject section */
		848B93B72F7FF6A800EAF596 /* Project object */ = {
			isa = PBXProject;
			attributes = {
				BuildIndependentTargetsInParallel = 1;
				LastSwiftUpdateCheck = 2640;
				LastUpgradeCheck = 2640;
				TargetAttributes = {
					848B93BE2F7FF6A800EAF596 = {
						CreatedOnToolsVersion = 26.4;
					};
					848B93D42F7FF6AA00EAF596 = {
						CreatedOnToolsVersion = 26.4;
						TestTargetID = 848B93BE2F7FF6A800EAF596;
					};
					848B93DE2F7FF6AA00EAF596 = {
						CreatedOnToolsVersion = 26.4;
						TestTargetID = 848B93BE2F7FF6A800EAF596;
					};
				};
			};
			buildConfigurationList = 848B93BA2F7FF6A800EAF596 /* Build configuration list for PBXProject "Invasiones" */;
			developmentRegion = en;
			hasScannedForEncodings = 0;
			knownRegions = (
				en,
				Base,
			);
			mainGroup = 848B93B62F7FF6A800EAF596;
			minimizedProjectReferenceProxies = 1;
			preferredProjectObjectVersion = 77;
			productRefGroup = 848B93C02F7FF6A800EAF596 /* Products */;
			projectDirPath = "";
			projectRoot = "";
			targets = (
				848B93BE2F7FF6A800EAF596 /* Invasiones */,
				848B93D42F7FF6AA00EAF596 /* InvasionesTests */,
				848B93DE2F7FF6AA00EAF596 /* InvasionesUITests */,
			);
		};
/* End PBXProject section */

/* Begin PBXResourcesBuildPhase section */
		848B93BD2F7FF6A800EAF596 /* Resources */ = {
			isa = PBXResourcesBuildPhase;
			buildActionMask = 2147483647;
			files = (
			);
			runOnlyForDeploymentPostprocessing = 0;
		};
		848B93D32F7FF6AA00EAF596 /* Resources */ = {
			isa = PBXResourcesBuildPhase;
			buildActionMask = 2147483647;
			files = (
			);
			runOnlyForDeploymentPostprocessing = 0;
		};
		848B93DD2F7FF6AA00EAF596 /* Resources */ = {
			isa = PBXResourcesBuildPhase;
			buildActionMask = 2147483647;
			files = (
			);
			runOnlyForDeploymentPostprocessing = 0;
		};
/* End PBXResourcesBuildPhase section */

/* Begin PBXSourcesBuildPhase section */
		848B93BB2F7FF6A800EAF596 /* Sources */ = {
			isa = PBXSourcesBuildPhase;
			buildActionMask = 2147483647;
			files = (
			);
			runOnlyForDeploymentPostprocessing = 0;
		};
		848B93D12F7FF6AA00EAF596 /* Sources */ = {
			isa = PBXSourcesBuildPhase;
			buildActionMask = 2147483647;
			files = (
			);
			runOnlyForDeploymentPostprocessing = 0;
		};
		848B93DB2F7FF6AA00EAF596 /* Sources */ = {
			isa = PBXSourcesBuildPhase;
			buildActionMask = 2147483647;
			files = (
			);
			runOnlyForDeploymentPostprocessing = 0;
		};
/* End PBXSourcesBuildPhase section */

/* Begin PBXTargetDependency section */
		848B93D72F7FF6AA00EAF596 /* PBXTargetDependency */ = {
			isa = PBXTargetDependency;
			target = 848B93BE2F7FF6A800EAF596 /* Invasiones */;
			targetProxy = 848B93D62F7FF6AA00EAF596 /* PBXContainerItemProxy */;
		};
		848B93E12F7FF6AA00EAF596 /* PBXTargetDependency */ = {
			isa = PBXTargetDependency;
			target = 848B93BE2F7FF6A800EAF596 /* Invasiones */;
			targetProxy = 848B93E02F7FF6AA00EAF596 /* PBXContainerItemProxy */;
		};
/* End PBXTargetDependency section */

/* Begin XCBuildConfiguration section */
		848B93E72F7FF6AA00EAF596 /* Debug */ = {
			isa = XCBuildConfiguration;
			buildSettings = {
				ALWAYS_SEARCH_USER_PATHS = NO;
				ASSETCATALOG_COMPILER_GENERATE_SWIFT_ASSET_SYMBOL_EXTENSIONS = YES;
				CLANG_ANALYZER_NONNULL = YES;
				CLANG_ANALYZER_NUMBER_OBJECT_CONVERSION = YES_AGGRESSIVE;
				CLANG_CXX_LANGUAGE_STANDARD = "gnu++20";
				CLANG_ENABLE_MODULES = YES;
				CLANG_ENABLE_OBJC_ARC = YES;
				CLANG_ENABLE_OBJC_WEAK = YES;
				CLANG_WARN_BLOCK_CAPTURE_AUTORELEASING = YES;
				CLANG_WARN_BOOL_CONVERSION = YES;
				CLANG_WARN_COMMA = YES;
				CLANG_WARN_CONSTANT_CONVERSION = YES;
				CLANG_WARN_DEPRECATED_OBJC_IMPLEMENTATIONS = YES;
				CLANG_WARN_DIRECT_OBJC_ISA_USAGE = YES_ERROR;
				CLANG_WARN_DOCUMENTATION_COMMENTS = YES;
				CLANG_WARN_EMPTY_BODY = YES;
				CLANG_WARN_ENUM_CONVERSION = YES;
				CLANG_WARN_INFINITE_RECURSION = YES;
				CLANG_WARN_INT_CONVERSION = YES;
				CLANG_WARN_NON_LITERAL_NULL_CONVERSION = YES;
				CLANG_WARN_OBJC_IMPLICIT_RETAIN_SELF = YES;
				CLANG_WARN_OBJC_LITERAL_CONVERSION = YES;
				CLANG_WARN_OBJC_ROOT_CLASS = YES_ERROR;
				CLANG_WARN_QUOTED_INCLUDE_IN_FRAMEWORK_HEADER = YES;
				CLANG_WARN_RANGE_LOOP_ANALYSIS = YES;
				CLANG_WARN_STRICT_PROTOTYPES = YES;
				CLANG_WARN_SUSPICIOUS_MOVE = YES;
				CLANG_WARN_UNGUARDED_AVAILABILITY = YES_AGGRESSIVE;
				CLANG_WARN_UNREACHABLE_CODE = YES;
				CLANG_WARN__DUPLICATE_METHOD_MATCH = YES;
				COPY_PHASE_STRIP = NO;
				DEBUG_INFORMATION_FORMAT = dwarf;
				DEVELOPMENT_TEAM = 44DMMFA3SQ;
				ENABLE_STRICT_OBJC_MSGSEND = YES;
				ENABLE_TESTABILITY = YES;
				ENABLE_USER_SCRIPT_SANDBOXING = YES;
				GCC_C_LANGUAGE_STANDARD = gnu17;
				GCC_DYNAMIC_NO_PIC = NO;
				GCC_NO_COMMON_BLOCKS = YES;
				GCC_OPTIMIZATION_LEVEL = 0;
				GCC_PREPROCESSOR_DEFINITIONS = (
					"DEBUG=1",
					"$(inherited)",
				);
				GCC_WARN_64_TO_32_BIT_CONVERSION = YES;
				GCC_WARN_ABOUT_RETURN_TYPE = YES_ERROR;
				GCC_WARN_UNDECLARED_SELECTOR = YES;
				GCC_WARN_UNINITIALIZED_AUTOS = YES_AGGRESSIVE;
				GCC_WARN_UNUSED_FUNCTION = YES;
				GCC_WARN_UNUSED_VARIABLE = YES;
				LOCALIZATION_PREFERS_STRING_CATALOGS = YES;
				MACOSX_DEPLOYMENT_TARGET = 26.4;
				MTL_ENABLE_DEBUG_INFO = INCLUDE_SOURCE;
				MTL_FAST_MATH = YES;
				ONLY_ACTIVE_ARCH = YES;
				SDKROOT = macosx;
				SWIFT_ACTIVE_COMPILATION_CONDITIONS = "DEBUG $(inherited)";
				SWIFT_OPTIMIZATION_LEVEL = "-Onone";
			};
			name = Debug;
		};
		848B93E82F7FF6AA00EAF596 /* Release */ = {
			isa = XCBuildConfiguration;
			buildSettings = {
				ALWAYS_SEARCH_USER_PATHS = NO;
				ASSETCATALOG_COMPILER_GENERATE_SWIFT_ASSET_SYMBOL_EXTENSIONS = YES;
				CLANG_ANALYZER_NONNULL = YES;
				CLANG_ANALYZER_NUMBER_OBJECT_CONVERSION = YES_AGGRESSIVE;
				CLANG_CXX_LANGUAGE_STANDARD = "gnu++20";
				CLANG_ENABLE_MODULES = YES;
				CLANG_ENABLE_OBJC_ARC = YES;
				CLANG_ENABLE_OBJC_WEAK = YES;
				CLANG_WARN_BLOCK_CAPTURE_AUTORELEASING = YES;
				CLANG_WARN_BOOL_CONVERSION = YES;
				CLANG_WARN_COMMA = YES;
				CLANG_WARN_CONSTANT_CONVERSION = YES;
				CLANG_WARN_DEPRECATED_OBJC_IMPLEMENTATIONS = YES;
				CLANG_WARN_DIRECT_OBJC_ISA_USAGE = YES_ERROR;
				CLANG_WARN_DOCUMENTATION_COMMENTS = YES;
				CLANG_WARN_EMPTY_BODY = YES;
				CLANG_WARN_ENUM_CONVERSION = YES;
				CLANG_WARN_INFINITE_RECURSION = YES;
				CLANG_WARN_INT_CONVERSION = YES;
				CLANG_WARN_NON_LITERAL_NULL_CONVERSION = YES;
				CLANG_WARN_OBJC_IMPLICIT_RETAIN_SELF = YES;
				CLANG_WARN_OBJC_LITERAL_CONVERSION = YES;
				CLANG_WARN_OBJC_ROOT_CLASS = YES_ERROR;
				CLANG_WARN_QUOTED_INCLUDE_IN_FRAMEWORK_HEADER = YES;
				CLANG_WARN_RANGE_LOOP_ANALYSIS = YES;
				CLANG_WARN_STRICT_PROTOTYPES = YES;
				CLANG_WARN_SUSPICIOUS_MOVE = YES;
				CLANG_WARN_UNGUARDED_AVAILABILITY = YES_AGGRESSIVE;
				CLANG_WARN_UNREACHABLE_CODE = YES;
				CLANG_WARN__DUPLICATE_METHOD_MATCH = YES;
				COPY_PHASE_STRIP = NO;
				DEBUG_INFORMATION_FORMAT = "dwarf-with-dsym";
				DEVELOPMENT_TEAM = 44DMMFA3SQ;
				ENABLE_NS_ASSERTIONS = NO;
				ENABLE_STRICT_OBJC_MSGSEND = YES;
				ENABLE_USER_SCRIPT_SANDBOXING = YES;
				GCC_C_LANGUAGE_STANDARD = gnu17;
				GCC_NO_COMMON_BLOCKS = YES;
				GCC_WARN_64_TO_32_BIT_CONVERSION = YES;
				GCC_WARN_ABOUT_RETURN_TYPE = YES_ERROR;
				GCC_WARN_UNDECLARED_SELECTOR = YES;
				GCC_WARN_UNINITIALIZED_AUTOS = YES_AGGRESSIVE;
				GCC_WARN_UNUSED_FUNCTION = YES;
				GCC_WARN_UNUSED_VARIABLE = YES;
				LOCALIZATION_PREFERS_STRING_CATALOGS = YES;
				MACOSX_DEPLOYMENT_TARGET = 26.4;
				MTL_ENABLE_DEBUG_INFO = NO;
				MTL_FAST_MATH = YES;
				SDKROOT = macosx;
				SWIFT_COMPILATION_MODE = wholemodule;
			};
			name = Release;
		};
		848B93EA2F7FF6AA00EAF596 /* Debug */ = {
			isa = XCBuildConfiguration;
			buildSettings = {
				ASSETCATALOG_COMPILER_APPICON_NAME = AppIcon;
				ASSETCATALOG_COMPILER_GLOBAL_ACCENT_COLOR_NAME = AccentColor;
				CODE_SIGN_STYLE = Automatic;
				COMBINE_HIDPI_IMAGES = YES;
				CURRENT_PROJECT_VERSION = 1;
				DEVELOPMENT_TEAM = 44DMMFA3SQ;
				ENABLE_APP_SANDBOX = YES;
				ENABLE_HARDENED_RUNTIME = YES;
				ENABLE_USER_SELECTED_FILES = readonly;
				GENERATE_INFOPLIST_FILE = YES;
				INFOPLIST_KEY_NSHumanReadableCopyright = "";
				INFOPLIST_KEY_NSMainStoryboardFile = Main;
				INFOPLIST_KEY_NSPrincipalClass = NSApplication;
				LD_RUNPATH_SEARCH_PATHS = (
					"$(inherited)",
					"@executable_path/../Frameworks",
				);
				MACOSX_DEPLOYMENT_TARGET = 26.4;
				MARKETING_VERSION = 1.0;
				PRODUCT_BUNDLE_IDENTIFIER = com.luciavmf.Invasiones;
				PRODUCT_NAME = "$(TARGET_NAME)";
				REGISTER_APP_GROUPS = YES;
				STRING_CATALOG_GENERATE_SYMBOLS = YES;
				SWIFT_APPROACHABLE_CONCURRENCY = YES;
				SWIFT_DEFAULT_ACTOR_ISOLATION = MainActor;
				SWIFT_EMIT_LOC_STRINGS = YES;
				SWIFT_UPCOMING_FEATURE_MEMBER_IMPORT_VISIBILITY = YES;
				SWIFT_VERSION = 5.0;
			};
			name = Debug;
		};
		848B93EB2F7FF6AA00EAF596 /* Release */ = {
			isa = XCBuildConfiguration;
			buildSettings = {
				ASSETCATALOG_COMPILER_APPICON_NAME = AppIcon;
				ASSETCATALOG_COMPILER_GLOBAL_ACCENT_COLOR_NAME = AccentColor;
				CODE_SIGN_STYLE = Automatic;
				COMBINE_HIDPI_IMAGES = YES;
				CURRENT_PROJECT_VERSION = 1;
				DEVELOPMENT_TEAM = 44DMMFA3SQ;
				ENABLE_APP_SANDBOX = YES;
				ENABLE_HARDENED_RUNTIME = YES;
				ENABLE_USER_SELECTED_FILES = readonly;
				GENERATE_INFOPLIST_FILE = YES;
				INFOPLIST_KEY_NSHumanReadableCopyright = "";
				INFOPLIST_KEY_NSMainStoryboardFile = Main;
				INFOPLIST_KEY_NSPrincipalClass = NSApplication;
				LD_RUNPATH_SEARCH_PATHS = (
					"$(inherited)",
					"@executable_path/../Frameworks",
				);
				MACOSX_DEPLOYMENT_TARGET = 26.4;
				MARKETING_VERSION = 1.0;
				PRODUCT_BUNDLE_IDENTIFIER = com.luciavmf.Invasiones;
				PRODUCT_NAME = "$(TARGET_NAME)";
				REGISTER_APP_GROUPS = YES;
				STRING_CATALOG_GENERATE_SYMBOLS = YES;
				SWIFT_APPROACHABLE_CONCURRENCY = YES;
				SWIFT_DEFAULT_ACTOR_ISOLATION = MainActor;
				SWIFT_EMIT_LOC_STRINGS = YES;
				SWIFT_UPCOMING_FEATURE_MEMBER_IMPORT_VISIBILITY = YES;
				SWIFT_VERSION = 5.0;
			};
			name = Release;
		};
		848B93ED2F7FF6AA00EAF596 /* Debug */ = {
			isa = XCBuildConfiguration;
			buildSettings = {
				BUNDLE_LOADER = "$(TEST_HOST)";
				CODE_SIGN_STYLE = Automatic;
				CURRENT_PROJECT_VERSION = 1;
				DEVELOPMENT_TEAM = 44DMMFA3SQ;
				GENERATE_INFOPLIST_FILE = YES;
				MACOSX_DEPLOYMENT_TARGET = 26.4;
				MARKETING_VERSION = 1.0;
				PRODUCT_BUNDLE_IDENTIFIER = com.luciavmf.InvasionesTests;
				PRODUCT_NAME = "$(TARGET_NAME)";
				STRING_CATALOG_GENERATE_SYMBOLS = NO;
				SWIFT_APPROACHABLE_CONCURRENCY = YES;
				SWIFT_EMIT_LOC_STRINGS = NO;
				SWIFT_UPCOMING_FEATURE_MEMBER_IMPORT_VISIBILITY = YES;
				SWIFT_VERSION = 5.0;
				TEST_HOST = "$(BUILT_PRODUCTS_DIR)/Invasiones.app/$(BUNDLE_EXECUTABLE_FOLDER_PATH)/Invasiones";
			};
			name = Debug;
		};
		848B93EE2F7FF6AA00EAF596 /* Release */ = {
			isa = XCBuildConfiguration;
			buildSettings = {
				BUNDLE_LOADER = "$(TEST_HOST)";
				CODE_SIGN_STYLE = Automatic;
				CURRENT_PROJECT_VERSION = 1;
				DEVELOPMENT_TEAM = 44DMMFA3SQ;
				GENERATE_INFOPLIST_FILE = YES;
				MACOSX_DEPLOYMENT_TARGET = 26.4;
				MARKETING_VERSION = 1.0;
				PRODUCT_BUNDLE_IDENTIFIER = com.luciavmf.InvasionesTests;
				PRODUCT_NAME = "$(TARGET_NAME)";
				STRING_CATALOG_GENERATE_SYMBOLS = NO;
				SWIFT_APPROACHABLE_CONCURRENCY = YES;
				SWIFT_EMIT_LOC_STRINGS = NO;
				SWIFT_UPCOMING_FEATURE_MEMBER_IMPORT_VISIBILITY = YES;
				SWIFT_VERSION = 5.0;
				TEST_HOST = "$(BUILT_PRODUCTS_DIR)/Invasiones.app/$(BUNDLE_EXECUTABLE_FOLDER_PATH)/Invasiones";
			};
			name = Release;
		};
		848B93F02F7FF6AA00EAF596 /* Debug */ = {
			isa = XCBuildConfiguration;
			buildSettings = {
				CODE_SIGN_STYLE = Automatic;
				CURRENT_PROJECT_VERSION = 1;
				DEVELOPMENT_TEAM = 44DMMFA3SQ;
				GENERATE_INFOPLIST_FILE = YES;
				MARKETING_VERSION = 1.0;
				PRODUCT_BUNDLE_IDENTIFIER = com.luciavmf.InvasionesUITests;
				PRODUCT_NAME = "$(TARGET_NAME)";
				STRING_CATALOG_GENERATE_SYMBOLS = NO;
				SWIFT_APPROACHABLE_CONCURRENCY = YES;
				SWIFT_EMIT_LOC_STRINGS = NO;
				SWIFT_UPCOMING_FEATURE_MEMBER_IMPORT_VISIBILITY = YES;
				SWIFT_VERSION = 5.0;
				TEST_TARGET_NAME = Invasiones;
			};
			name = Debug;
		};
		848B93F12F7FF6AA00EAF596 /* Release */ = {
			isa = XCBuildConfiguration;
			buildSettings = {
				CODE_SIGN_STYLE = Automatic;
				CURRENT_PROJECT_VERSION = 1;
				DEVELOPMENT_TEAM = 44DMMFA3SQ;
				GENERATE_INFOPLIST_FILE = YES;
				MARKETING_VERSION = 1.0;
				PRODUCT_BUNDLE_IDENTIFIER = com.luciavmf.InvasionesUITests;
				PRODUCT_NAME = "$(TARGET_NAME)";
				STRING_CATALOG_GENERATE_SYMBOLS = NO;
				SWIFT_APPROACHABLE_CONCURRENCY = YES;
				SWIFT_EMIT_LOC_STRINGS = NO;
				SWIFT_UPCOMING_FEATURE_MEMBER_IMPORT_VISIBILITY = YES;
				SWIFT_VERSION = 5.0;
				TEST_TARGET_NAME = Invasiones;
			};
			name = Release;
		};
/* End XCBuildConfiguration section */

/* Begin XCConfigurationList section */
		848B93BA2F7FF6A800EAF596 /* Build configuration list for PBXProject "Invasiones" */ = {
			isa = XCConfigurationList;
			buildConfigurations = (
				848B93E72F7FF6AA00EAF596 /* Debug */,
				848B93E82F7FF6AA00EAF596 /* Release */,
			);
			defaultConfigurationIsVisible = 0;
			defaultConfigurationName = Release;
		};
		848B93E92F7FF6AA00EAF596 /* Build configuration list for PBXNativeTarget "Invasiones" */ = {
			isa = XCConfigurationList;
			buildConfigurations = (
				848B93EA2F7FF6AA00EAF596 /* Debug */,
				848B93EB2F7FF6AA00EAF596 /* Release */,
			);
			defaultConfigurationIsVisible = 0;
			defaultConfigurationName = Release;
		};
		848B93EC2F7FF6AA00EAF596 /* Build configuration list for PBXNativeTarget "InvasionesTests" */ = {
			isa = XCConfigurationList;
			buildConfigurations = (
				848B93ED2F7FF6AA00EAF596 /* Debug */,
				848B93EE2F7FF6AA00EAF596 /* Release */,
			);
			defaultConfigurationIsVisible = 0;
			defaultConfigurationName = Release;
		};
		848B93EF2F7FF6AA00EAF596 /* Build configuration list for PBXNativeTarget "InvasionesUITests" */ = {
			isa = XCConfigurationList;
			buildConfigurations = (
				848B93F02F7FF6AA00EAF596 /* Debug */,
				848B93F12F7FF6AA00EAF596 /* Release */,
			);
			defaultConfigurationIsVisible = 0;
			defaultConfigurationName = Release;
		};
/* End XCConfigurationList section */
	};
	rootObject = 848B93B72F7FF6A800EAF596 /* Project object */;
}
